<Solution>
  <Folder Name="/src/">
    <Project Path="src/Altinn.ApimPolicyCompiler.Cli/Altinn.ApimPolicyCompiler.Cli.csproj" />
    <Project Path="src/Altinn.ApimPolicyCompiler.Core/Altinn.ApimPolicyCompiler.Core.csproj" />
  </Folder>
  <Folder Name="/tests/">
    <Project Path="tests/Altinn.ApimPolicyCompiler.Tests/Altinn.ApimPolicyCompiler.Tests.csproj" />
  </Folder>
</Solution>
