<Solution>
  <Folder Name="/src/">
    <Project Path="src/ApimPolicyCompiler.Cli/ApimPolicyCompiler.Cli.csproj" />
    <Project Path="src/ApimPolicyCompiler.Core/ApimPolicyCompiler.Core.csproj" />
  </Folder>
  <Folder Name="/tests/">
    <Project Path="tests/ApimPolicyCompiler.Tests/ApimPolicyCompiler.Tests.csproj" />
  </Folder>
  <Folder Name="/benchmarks/">
    <Project Path="benchmarks/ClientIdExtractorBench/ClientIdExtractorBench.csproj" />
  </Folder>
</Solution>
